
Microsoft Visual Studio Solution File, Format Version 12.00
# Visual Studio 15
VisualStudioVersion = 15.0.27130.2010
MinimumVisualStudioVersion = 10.0.40219.1
Project("{FAE04EC0-301F-11D3-BF4B-00C04F79EFBC}") = "TestDemo", "TestDemo\TestDemo.csproj", "{54C318A6-7DB8-4963-A3C0-0969012B004D}"
EndProject
Global
	GlobalSection(SolutionConfigurationPlatforms) = preSolution
		Debug|Any CPU = Debug|Any CPU
		Release|Any CPU = Release|Any CPU
	EndGlobalSection
	GlobalSection(ProjectConfigurationPlatforms) = postSolution
		{54C318A6-7DB8-4963-A3C0-0969012B004D}.Debug|Any CPU.ActiveCfg = Debug|Any CPU
		{54C318A6-7DB8-4963-A3C0-0969012B004D}.Debug|Any CPU.Build.0 = Debug|Any CPU
		{54C318A6-7DB8-4963-A3C0-0969012B004D}.Release|Any CPU.ActiveCfg = Release|Any CPU
		{54C318A6-7DB8-4963-A3C0-0969012B004D}.Release|Any CPU.Build.0 = Release|Any CPU
	EndGlobalSection
	GlobalSection(SolutionProperties) = preSolution
		HideSolutionNode = FALSE
	EndGlobalSection
	GlobalSection(ExtensibilityGlobals) = postSolution
		SolutionGuid = {60850AA8-738A-421B-B66D-BDDD6105ADD2}
	EndGlobalSection
EndGlobal
